// !$*UTF8*$!
{
	archiveVersion = 1;
	classes = {
	};
	objectVersion = 55;
	objects = {

/* Begin PBXBuildFile section */
		723D5D012A19224E00D34A07 /* ApiTutorialApp.swift in Sources */ = {isa = PBXBuildFile; fileRef = 723D5D002A19224E00D34A07 /* ApiTutorialApp.swift */; };
		723D5D052A19225100D34A07 /* Assets.xcassets in Resources */ = {isa = PBXBuildFile; fileRef = 723D5D042A19225100D34A07 /* Assets.xcassets */; };
		723D5D082A19225100D34A07 /* Preview Assets.xcassets in Resources */ = {isa = PBXBuildFile; fileRef = 723D5D072A19225100D34A07 /* Preview Assets.xcassets */; };
		723D5D102A19284E00D34A07 /* UserSearchView.swift in Sources */ = {isa = PBXBuildFile; fileRef = 723D5D0F2A19284E00D34A07 /* UserSearchView.swift */; };
		723D5D142A192AC100D34A07 /* UserController.swift in Sources */ = {isa = PBXBuildFile; fileRef = 723D5D132A192AC100D34A07 /* UserController.swift */; };
		723D5D162A192B5D00D34A07 /* GithubModel.swift in Sources */ = {isa = PBXBuildFile; fileRef = 723D5D152A192B5D00D34A07 /* GithubModel.swift */; };
		723D5D182A1A818D00D34A07 /* RepositoryController.swift in Sources */ = {isa = PBXBuildFile; fileRef = 723D5D172A1A818D00D34A07 /* RepositoryController.swift */; };
		723D5D1A2A1A82B300D34A07 /* UserRow.swift in Sources */ = {isa = PBXBuildFile; fileRef = 723D5D192A1A82B300D34A07 /* UserRow.swift */; };
		723D5D1C2A1A83EA00D34A07 /* Users.swift in Sources */ = {isa = PBXBuildFile; fileRef = 723D5D1B2A1A83EA00D34A07 /* Users.swift */; };
		723D5D1E2A1A856B00D34A07 /* Repository.swift in Sources */ = {isa = PBXBuildFile; fileRef = 723D5D1D2A1A856B00D34A07 /* Repository.swift */; };
		723D5D202A1A865B00D34A07 /* RepositoryView.swift in Sources */ = {isa = PBXBuildFile; fileRef = 723D5D1F2A1A865B00D34A07 /* RepositoryView.swift */; };
		723D5D222A1A86B800D34A07 /* RepositoryRow.swift in Sources */ = {isa = PBXBuildFile; fileRef = 723D5D212A1A86B800D34A07 /* RepositoryRow.swift */; };
		723D5D242A1A89F700D34A07 /* ModelError.swift in Sources */ = {isa = PBXBuildFile; fileRef = 723D5D232A1A89F700D34A07 /* ModelError.swift */; };
/* End PBXBuildFile section */

/* Begin PBXFileReference section */
		723D5CFD2A19224E00D34A07 /* ApiTutorial.app */ = {isa = PBXFileReference; explicitFileType = wrapper.application; includeInIndex = 0; path = ApiTutorial.app; sourceTree = BUILT_PRODUCTS_DIR; };
		723D5D002A19224E00D34A07 /* ApiTutorialApp.swift */ = {isa = PBXFileReference; lastKnownFileType = sourcecode.swift; path = ApiTutorialApp.swift; sourceTree = "<group>"; };
		723D5D042A19225100D34A07 /* Assets.xcassets */ = {isa = PBXFileReference; lastKnownFileType = folder.assetcatalog; path = Assets.xcassets; sourceTree = "<group>"; };
		723D5D072A19225100D34A07 /* Preview Assets.xcassets */ = {isa = PBXFileReference; lastKnownFileType = folder.assetcatalog; path = "Preview Assets.xcassets"; sourceTree = "<group>"; };
		723D5D0F2A19284E00D34A07 /* UserSearchView.swift */ = {isa = PBXFileReference; lastKnownFileType = sourcecode.swift; path = UserSearchView.swift; sourceTree = "<group>"; };
		723D5D132A192AC100D34A07 /* UserController.swift */ = {isa = PBXFileReference; lastKnownFileType = sourcecode.swift; path = UserController.swift; sourceTree = "<group>"; };
		723D5D152A192B5D00D34A07 /* GithubModel.swift */ = {isa = PBXFileReference; lastKnownFileType = sourcecode.swift; path = GithubModel.swift; sourceTree = "<group>"; };
		723D5D172A1A818D00D34A07 /* RepositoryController.swift */ = {isa = PBXFileReference; lastKnownFileType = sourcecode.swift; path = RepositoryController.swift; sourceTree = "<group>"; };
		723D5D192A1A82B300D34A07 /* UserRow.swift */ = {isa = PBXFileReference; lastKnownFileType = sourcecode.swift; path = UserRow.swift; sourceTree = "<group>"; };
		723D5D1B2A1A83EA00D34A07 /* Users.swift */ = {isa = PBXFileReference; lastKnownFileType = sourcecode.swift; path = Users.swift; sourceTree = "<group>"; };
		723D5D1D2A1A856B00D34A07 /* Repository.swift */ = {isa = PBXFileReference; lastKnownFileType = sourcecode.swift; path = Repository.swift; sourceTree = "<group>"; };
		723D5D1F2A1A865B00D34A07 /* RepositoryView.swift */ = {isa = PBXFileReference; lastKnownFileType = sourcecode.swift; path = RepositoryView.swift; sourceTree = "<group>"; };
		723D5D212A1A86B800D34A07 /* RepositoryRow.swift */ = {isa = PBXFileReference; lastKnownFileType = sourcecode.swift; path = RepositoryRow.swift; sourceTree = "<group>"; };
		723D5D232A1A89F700D34A07 /* ModelError.swift */ = {isa = PBXFileReference; lastKnownFileType = sourcecode.swift; path = ModelError.swift; sourceTree = "<group>"; };
/* End PBXFileReference section */

/* Begin PBXFrameworksBuildPhase section */
		723D5CFA2A19224E00D34A07 /* Frameworks */ = {
			isa = PBXFrameworksBuildPhase;
			buildActionMask = 2147483647;
			files = (
			);
			runOnlyForDeploymentPostprocessing = 0;
		};
/* End PBXFrameworksBuildPhase section */

/* Begin PBXGroup section */
		723D5CF42A19224E00D34A07 = {
			isa = PBXGroup;
			children = (
				723D5CFF2A19224E00D34A07 /* ApiTutorial */,
				723D5CFE2A19224E00D34A07 /* Products */,
			);
			sourceTree = "<group>";
		};
		723D5CFE2A19224E00D34A07 /* Products */ = {
			isa = PBXGroup;
			children = (
				723D5CFD2A19224E00D34A07 /* ApiTutorial.app */,
			);
			name = Products;
			sourceTree = "<group>";
		};
		723D5CFF2A19224E00D34A07 /* ApiTutorial */ = {
			isa = PBXGroup;
			children = (
				723D5D122A19296B00D34A07 /* Controllers */,
				723D5D112A19296400D34A07 /* Models */,
				723D5D0E2A19283000D34A07 /* Views */,
				723D5D002A19224E00D34A07 /* ApiTutorialApp.swift */,
				723D5D042A19225100D34A07 /* Assets.xcassets */,
				723D5D062A19225100D34A07 /* Preview Content */,
			);
			path = ApiTutorial;
			sourceTree = "<group>";
		};
		723D5D062A19225100D34A07 /* Preview Content */ = {
			isa = PBXGroup;
			children = (
				723D5D072A19225100D34A07 /* Preview Assets.xcassets */,
			);
			path = "Preview Content";
			sourceTree = "<group>";
		};
		723D5D0E2A19283000D34A07 /* Views */ = {
			isa = PBXGroup;
			children = (
				723D5D0F2A19284E00D34A07 /* UserSearchView.swift */,
				723D5D192A1A82B300D34A07 /* UserRow.swift */,
				723D5D1F2A1A865B00D34A07 /* RepositoryView.swift */,
				723D5D212A1A86B800D34A07 /* RepositoryRow.swift */,
			);
			path = Views;
			sourceTree = "<group>";
		};
		723D5D112A19296400D34A07 /* Models */ = {
			isa = PBXGroup;
			children = (
				723D5D152A192B5D00D34A07 /* GithubModel.swift */,
				723D5D1B2A1A83EA00D34A07 /* Users.swift */,
				723D5D1D2A1A856B00D34A07 /* Repository.swift */,
				723D5D232A1A89F700D34A07 /* ModelError.swift */,
			);
			path = Models;
			sourceTree = "<group>";
		};
		723D5D122A19296B00D34A07 /* Controllers */ = {
			isa = PBXGroup;
			children = (
				723D5D132A192AC100D34A07 /* UserController.swift */,
				723D5D172A1A818D00D34A07 /* RepositoryController.swift */,
			);
			path = Controllers;
			sourceTree = "<group>";
		};
/* End PBXGroup section */

/* Begin PBXNativeTarget section */
		723D5CFC2A19224E00D34A07 /* ApiTutorial */ = {
			isa = PBXNativeTarget;
			buildConfigurationList = 723D5D0B2A19225100D34A07 /* Build configuration list for PBXNativeTarget "ApiTutorial" */;
			buildPhases = (
				723D5CF92A19224E00D34A07 /* Sources */,
				723D5CFA2A19224E00D34A07 /* Frameworks */,
				723D5CFB2A19224E00D34A07 /* Resources */,
			);
			buildRules = (
			);
			dependencies = (
			);
			name = ApiTutorial;
			productName = ApiTutorial;
			productReference = 723D5CFD2A19224E00D34A07 /* ApiTutorial.app */;
			productType = "com.apple.product-type.application";
		};
/* End PBXNativeTarget section */

/* Begin PBXProject section */
		723D5CF52A19224E00D34A07 /* Project object */ = {
			isa = PBXProject;
			attributes = {
				BuildIndependentTargetsInParallel = 1;
				LastSwiftUpdateCheck = 1320;
				LastUpgradeCheck = 1320;
				TargetAttributes = {
					723D5CFC2A19224E00D34A07 = {
						CreatedOnToolsVersion = 13.2.1;
					};
				};
			};
			buildConfigurationList = 723D5CF82A19224E00D34A07 /* Build configuration list for PBXProject "ApiTutorial" */;
			compatibilityVersion = "Xcode 13.0";
			developmentRegion = en;
			hasScannedForEncodings = 0;
			knownRegions = (
				en,
				Base,
			);
			mainGroup = 723D5CF42A19224E00D34A07;
			productRefGroup = 723D5CFE2A19224E00D34A07 /* Products */;
			projectDirPath = "";
			projectRoot = "";
			targets = (
				723D5CFC2A19224E00D34A07 /* ApiTutorial */,
			);
		};
/* End PBXProject section */

/* Begin PBXResourcesBuildPhase section */
		723D5CFB2A19224E00D34A07 /* Resources */ = {
			isa = PBXResourcesBuildPhase;
			buildActionMask = 2147483647;
			files = (
				723D5D082A19225100D34A07 /* Preview Assets.xcassets in Resources */,
				723D5D052A19225100D34A07 /* Assets.xcassets in Resources */,
			);
			runOnlyForDeploymentPostprocessing = 0;
		};
/* End PBXResourcesBuildPhase section */

/* Begin PBXSourcesBuildPhase section */
		723D5CF92A19224E00D34A07 /* Sources */ = {
			isa = PBXSourcesBuildPhase;
			buildActionMask = 2147483647;
			files = (
				723D5D102A19284E00D34A07 /* UserSearchView.swift in Sources */,
				723D5D162A192B5D00D34A07 /* GithubModel.swift in Sources */,
				723D5D182A1A818D00D34A07 /* RepositoryController.swift in Sources */,
				723D5D1C2A1A83EA00D34A07 /* Users.swift in Sources */,
				723D5D242A1A89F700D34A07 /* ModelError.swift in Sources */,
				723D5D222A1A86B800D34A07 /* RepositoryRow.swift in Sources */,
				723D5D1A2A1A82B300D34A07 /* UserRow.swift in Sources */,
				723D5D142A192AC100D34A07 /* UserController.swift in Sources */,
				723D5D012A19224E00D34A07 /* ApiTutorialApp.swift in Sources */,
				723D5D202A1A865B00D34A07 /* RepositoryView.swift in Sources */,
				723D5D1E2A1A856B00D34A07 /* Repository.swift in Sources */,
			);
			runOnlyForDeploymentPostprocessing = 0;
		};
/* End PBXSourcesBuildPhase section */

/* Begin XCBuildConfiguration section */
		723D5D092A19225100D34A07 /* Debug */ = {
			isa = XCBuildConfiguration;
			buildSettings = {
				ALWAYS_SEARCH_USER_PATHS = NO;
				CLANG_ANALYZER_NONNULL = YES;
				CLANG_ANALYZER_NUMBER_OBJECT_CONVERSION = YES_AGGRESSIVE;
				CLANG_CXX_LANGUAGE_STANDARD = "gnu++17";
				CLANG_CXX_LIBRARY = "libc++";
				CLANG_ENABLE_MODULES = YES;
				CLANG_ENABLE_OBJC_ARC = YES;
				CLANG_ENABLE_OBJC_WEAK = YES;
				CLANG_WARN_BLOCK_CAPTURE_AUTORELEASING = YES;
				CLANG_WARN_BOOL_CONVERSION = YES;
				CLANG_WARN_COMMA = YES;
				CLANG_WARN_CONSTANT_CONVERSION = YES;
				CLANG_WARN_DEPRECATED_OBJC_IMPLEMENTATIONS = YES;
				CLANG_WARN_DIRECT_OBJC_ISA_USAGE = YES_ERROR;
				CLANG_WARN_DOCUMENTATION_COMMENTS = YES;
				CLANG_WARN_EMPTY_BODY = YES;
				CLANG_WARN_ENUM_CONVERSION = YES;
				CLANG_WARN_INFINITE_RECURSION = YES;
				CLANG_WARN_INT_CONVERSION = YES;
				CLANG_WARN_NON_LITERAL_NULL_CONVERSION = YES;
				CLANG_WARN_OBJC_IMPLICIT_RETAIN_SELF = YES;
				CLANG_WARN_OBJC_LITERAL_CONVERSION = YES;
				CLANG_WARN_OBJC_ROOT_CLASS = YES_ERROR;
				CLANG_WARN_QUOTED_INCLUDE_IN_FRAMEWORK_HEADER = YES;
				CLANG_WARN_RANGE_LOOP_ANALYSIS = YES;
				CLANG_WARN_STRICT_PROTOTYPES = YES;
				CLANG_WARN_SUSPICIOUS_MOVE = YES;
				CLANG_WARN_UNGUARDED_AVAILABILITY = YES_AGGRESSIVE;
				CLANG_WARN_UNREACHABLE_CODE = YES;
				CLANG_WARN__DUPLICATE_METHOD_MATCH = YES;
				COPY_PHASE_STRIP = NO;
				DEBUG_INFORMATION_FORMAT = dwarf;
				ENABLE_STRICT_OBJC_MSGSEND = YES;
				ENABLE_TESTABILITY = YES;
				GCC_C_LANGUAGE_STANDARD = gnu11;
				GCC_DYNAMIC_NO_PIC = NO;
				GCC_NO_COMMON_BLOCKS = YES;
				GCC_OPTIMIZATION_LEVEL = 0;
				GCC_PREPROCESSOR_DEFINITIONS = (
					"DEBUG=1",
					"$(inherited)",
				);
				GCC_WARN_64_TO_32_BIT_CONVERSION = YES;
				GCC_WARN_ABOUT_RETURN_TYPE = YES_ERROR;
				GCC_WARN_UNDECLARED_SELECTOR = YES;
				GCC_WARN_UNINITIALIZED_AUTOS = YES_AGGRESSIVE;
				GCC_WARN_UNUSED_FUNCTION = YES;
				GCC_WARN_UNUSED_VARIABLE = YES;
				IPHONEOS_DEPLOYMENT_TARGET = 15.2;
				MTL_ENABLE_DEBUG_INFO = INCLUDE_SOURCE;
				MTL_FAST_MATH = YES;
				ONLY_ACTIVE_ARCH = YES;
				SDKROOT = iphoneos;
				SWIFT_ACTIVE_COMPILATION_CONDITIONS = DEBUG;
				SWIFT_OPTIMIZATION_LEVEL = "-Onone";
			};
			name = Debug;
		};
		723D5D0A2A19225100D34A07 /* Release */ = {
			isa = XCBuildConfiguration;
			buildSettings = {
				ALWAYS_SEARCH_USER_PATHS = NO;
				CLANG_ANALYZER_NONNULL = YES;
				CLANG_ANALYZER_NUMBER_OBJECT_CONVERSION = YES_AGGRESSIVE;
				CLANG_CXX_LANGUAGE_STANDARD = "gnu++17";
				CLANG_CXX_LIBRARY = "libc++";
				CLANG_ENABLE_MODULES = YES;
				CLANG_ENABLE_OBJC_ARC = YES;
				CLANG_ENABLE_OBJC_WEAK = YES;
				CLANG_WARN_BLOCK_CAPTURE_AUTORELEASING = YES;
				CLANG_WARN_BOOL_CONVERSION = YES;
				CLANG_WARN_COMMA = YES;
				CLANG_WARN_CONSTANT_CONVERSION = YES;
				CLANG_WARN_DEPRECATED_OBJC_IMPLEMENTATIONS = YES;
				CLANG_WARN_DIRECT_OBJC_ISA_USAGE = YES_ERROR;
				CLANG_WARN_DOCUMENTATION_COMMENTS = YES;
				CLANG_WARN_EMPTY_BODY = YES;
				CLANG_WARN_ENUM_CONVERSION = YES;
				CLANG_WARN_INFINITE_RECURSION = YES;
				CLANG_WARN_INT_CONVERSION = YES;
				CLANG_WARN_NON_LITERAL_NULL_CONVERSION = YES;
				CLANG_WARN_OBJC_IMPLICIT_RETAIN_SELF = YES;
				CLANG_WARN_OBJC_LITERAL_CONVERSION = YES;
				CLANG_WARN_OBJC_ROOT_CLASS = YES_ERROR;
				CLANG_WARN_QUOTED_INCLUDE_IN_FRAMEWORK_HEADER = YES;
				CLANG_WARN_RANGE_LOOP_ANALYSIS = YES;
				CLANG_WARN_STRICT_PROTOTYPES = YES;
				CLANG_WARN_SUSPICIOUS_MOVE = YES;
				CLANG_WARN_UNGUARDED_AVAILABILITY = YES_AGGRESSIVE;
				CLANG_WARN_UNREACHABLE_CODE = YES;
				CLANG_WARN__DUPLICATE_METHOD_MATCH = YES;
				COPY_PHASE_STRIP = NO;
				DEBUG_INFORMATION_FORMAT = "dwarf-with-dsym";
				ENABLE_NS_ASSERTIONS = NO;
				ENABLE_STRICT_OBJC_MSGSEND = YES;
				GCC_C_LANGUAGE_STANDARD = gnu11;
				GCC_NO_COMMON_BLOCKS = YES;
				GCC_WARN_64_TO_32_BIT_CONVERSION = YES;
				GCC_WARN_ABOUT_RETURN_TYPE = YES_ERROR;
				GCC_WARN_UNDECLARED_SELECTOR = YES;
				GCC_WARN_UNINITIALIZED_AUTOS = YES_AGGRESSIVE;
				GCC_WARN_UNUSED_FUNCTION = YES;
				GCC_WARN_UNUSED_VARIABLE = YES;
				IPHONEOS_DEPLOYMENT_TARGET = 15.2;
				MTL_ENABLE_DEBUG_INFO = NO;
				MTL_FAST_MATH = YES;
				SDKROOT = iphoneos;
				SWIFT_COMPILATION_MODE = wholemodule;
				SWIFT_OPTIMIZATION_LEVEL = "-O";
				VALIDATE_PRODUCT = YES;
			};
			name = Release;
		};
		723D5D0C2A19225100D34A07 /* Debug */ = {
			isa = XCBuildConfiguration;
			buildSettings = {
				ASSETCATALOG_COMPILER_APPICON_NAME = AppIcon;
				ASSETCATALOG_COMPILER_GLOBAL_ACCENT_COLOR_NAME = AccentColor;
				CODE_SIGN_STYLE = Automatic;
				CURRENT_PROJECT_VERSION = 1;
				DEVELOPMENT_ASSET_PATHS = "\"ApiTutorial/Preview Content\"";
				DEVELOPMENT_TEAM = HLBGUUDZCN;
				ENABLE_PREVIEWS = YES;
				GENERATE_INFOPLIST_FILE = YES;
				INFOPLIST_KEY_UIApplicationSceneManifest_Generation = YES;
				INFOPLIST_KEY_UIApplicationSupportsIndirectInputEvents = YES;
				INFOPLIST_KEY_UILaunchScreen_Generation = YES;
				INFOPLIST_KEY_UISupportedInterfaceOrientations_iPad = "UIInterfaceOrientationPortrait UIInterfaceOrientationPortraitUpsideDown UIInterfaceOrientationLandscapeLeft UIInterfaceOrientationLandscapeRight";
				INFOPLIST_KEY_UISupportedInterfaceOrientations_iPhone = "UIInterfaceOrientationPortrait UIInterfaceOrientationLandscapeLeft UIInterfaceOrientationLandscapeRight";
				LD_RUNPATH_SEARCH_PATHS = (
					"$(inherited)",
					"@executable_path/Frameworks",
				);
				MARKETING_VERSION = 1.0;
				PRODUCT_BUNDLE_IDENTIFIER = kuehar.ApiTutorial;
				PRODUCT_NAME = "$(TARGET_NAME)";
				SWIFT_EMIT_LOC_STRINGS = YES;
				SWIFT_VERSION = 5.0;
				TARGETED_DEVICE_FAMILY = "1,2";
			};
			name = Debug;
		};
		723D5D0D2A19225100D34A07 /* Release */ = {
			isa = XCBuildConfiguration;
			buildSettings = {
				ASSETCATALOG_COMPILER_APPICON_NAME = AppIcon;
				ASSETCATALOG_COMPILER_GLOBAL_ACCENT_COLOR_NAME = AccentColor;
				CODE_SIGN_STYLE = Automatic;
				CURRENT_PROJECT_VERSION = 1;
				DEVELOPMENT_ASSET_PATHS = "\"ApiTutorial/Preview Content\"";
				DEVELOPMENT_TEAM = HLBGUUDZCN;
				ENABLE_PREVIEWS = YES;
				GENERATE_INFOPLIST_FILE = YES;
				INFOPLIST_KEY_UIApplicationSceneManifest_Generation = YES;
				INFOPLIST_KEY_UIApplicationSupportsIndirectInputEvents = YES;
				INFOPLIST_KEY_UILaunchScreen_Generation = YES;
				INFOPLIST_KEY_UISupportedInterfaceOrientations_iPad = "UIInterfaceOrientationPortrait UIInterfaceOrientationPortraitUpsideDown UIInterfaceOrientationLandscapeLeft UIInterfaceOrientationLandscapeRight";
				INFOPLIST_KEY_UISupportedInterfaceOrientations_iPhone = "UIInterfaceOrientationPortrait UIInterfaceOrientationLandscapeLeft UIInterfaceOrientationLandscapeRight";
				LD_RUNPATH_SEARCH_PATHS = (
					"$(inherited)",
					"@executable_path/Frameworks",
				);
				MARKETING_VERSION = 1.0;
				PRODUCT_BUNDLE_IDENTIFIER = kuehar.ApiTutorial;
				PRODUCT_NAME = "$(TARGET_NAME)";
				SWIFT_EMIT_LOC_STRINGS = YES;
				SWIFT_VERSION = 5.0;
				TARGETED_DEVICE_FAMILY = "1,2";
			};
			name = Release;
		};
/* End XCBuildConfiguration section */

/* Begin XCConfigurationList section */
		723D5CF82A19224E00D34A07 /* Build configuration list for PBXProject "ApiTutorial" */ = {
			isa = XCConfigurationList;
			buildConfigurations = (
				723D5D092A19225100D34A07 /* Debug */,
				723D5D0A2A19225100D34A07 /* Release */,
			);
			defaultConfigurationIsVisible = 0;
			defaultConfigurationName = Release;
		};
		723D5D0B2A19225100D34A07 /* Build configuration list for PBXNativeTarget "ApiTutorial" */ = {
			isa = XCConfigurationList;
			buildConfigurations = (
				723D5D0C2A19225100D34A07 /* Debug */,
				723D5D0D2A19225100D34A07 /* Release */,
			);
			defaultConfigurationIsVisible = 0;
			defaultConfigurationName = Release;
		};
/* End XCConfigurationList section */
	};
	rootObject = 723D5CF52A19224E00D34A07 /* Project object */;
}
